
Microsoft Visual Studio Solution File, Format Version 12.00
# Visual Studio Version 17
VisualStudioVersion = 17.2.32630.192
MinimumVisualStudioVersion = 10.0.40219.1
Project("{8BC9CEB8-8B4A-11D0-8D11-00A0C91BC942}") = "FinalArrays", "FinalArrays\FinalArrays.vcxproj", "{74B6D95A-1FF9-4C69-9CF1-F6C9B491D6EE}"
EndProject
Global
	GlobalSection(SolutionConfigurationPlatforms) = preSolution
		Debug|x64 = Debug|x64
		Debug|x86 = Debug|x86
		Release|x64 = Release|x64
		Release|x86 = Release|x86
	EndGlobalSection
	GlobalSection(ProjectConfigurationPlatforms) = postSolution
		{74B6D95A-1FF9-4C69-9CF1-F6C9B491D6EE}.Debug|x64.ActiveCfg = Debug|x64
		{74B6D95A-1FF9-4C69-9CF1-F6C9B491D6EE}.Debug|x64.Build.0 = Debug|x64
		{74B6D95A-1FF9-4C69-9CF1-F6C9B491D6EE}.Debug|x86.ActiveCfg = Debug|Win32
		{74B6D95A-1FF9-4C69-9CF1-F6C9B491D6EE}.Debug|x86.Build.0 = Debug|Win32
		{74B6D95A-1FF9-4C69-9CF1-F6C9B491D6EE}.Release|x64.ActiveCfg = Release|x64
		{74B6D95A-1FF9-4C69-9CF1-F6C9B491D6EE}.Release|x64.Build.0 = Release|x64
		{74B6D95A-1FF9-4C69-9CF1-F6C9B491D6EE}.Release|x86.ActiveCfg = Release|Win32
		{74B6D95A-1FF9-4C69-9CF1-F6C9B491D6EE}.Release|x86.Build.0 = Release|Win32
	EndGlobalSection
	GlobalSection(SolutionProperties) = preSolution
		HideSolutionNode = FALSE
	EndGlobalSection
	GlobalSection(ExtensibilityGlobals) = postSolution
		SolutionGuid = {9C4505A1-FE90-4AFE-9332-ADE7019C6EDA}
	EndGlobalSection
EndGlobal
